
Microsoft Visual Studio Solution File, Format Version 12.00
# Visual Studio 15
VisualStudioVersion = 15.0.26730.16
MinimumVisualStudioVersion = 10.0.40219.1
Project("{FAE04EC0-301F-11D3-BF4B-00C04F79EFBC}") = "JobCardV13", "JobCardV13\JobCardV13.csproj", "{FAC968C3-002C-4139-96A3-C798CA9215F1}"
EndProject
Global
	GlobalSection(SolutionConfigurationPlatforms) = preSolution
		Debug|Any CPU = Debug|Any CPU
		Release|Any CPU = Release|Any CPU
	EndGlobalSection
	GlobalSection(ProjectConfigurationPlatforms) = postSolution
		{FAC968C3-002C-4139-96A3-C798CA9215F1}.Debug|Any CPU.ActiveCfg = Debug|Any CPU
		{FAC968C3-002C-4139-96A3-C798CA9215F1}.Debug|Any CPU.Build.0 = Debug|Any CPU
		{FAC968C3-002C-4139-96A3-C798CA9215F1}.Release|Any CPU.ActiveCfg = Release|Any CPU
		{FAC968C3-002C-4139-96A3-C798CA9215F1}.Release|Any CPU.Build.0 = Release|Any CPU
	EndGlobalSection
	GlobalSection(SolutionProperties) = preSolution
		HideSolutionNode = FALSE
	EndGlobalSection
	GlobalSection(ExtensibilityGlobals) = postSolution
		SolutionGuid = {B8744001-F7E0-41B0-B6ED-E5E026B3F550}
	EndGlobalSection
EndGlobal
